
Microsoft Visual Studio Solution File, Format Version 12.00
# Visual Studio 14
VisualStudioVersion = 14.0.25420.1
MinimumVisualStudioVersion = 10.0.40219.1
Project("{FAE04EC0-301F-11D3-BF4B-00C04F79EFBC}") = "BoxingUnboxing", "BoxingUnboxing\BoxingUnboxing.csproj", "{771AB094-F6C5-446B-A1FC-580BB0F36BBC}"
EndProject
Project("{FAE04EC0-301F-11D3-BF4B-00C04F79EFBC}") = "MutableProperty", "MutableProperty\MutableProperty.csproj", "{CB489222-608A-49FF-8E71-7CEFD96841F2}"
EndProject
Project("{FAE04EC0-301F-11D3-BF4B-00C04F79EFBC}") = "Singleton", "Singleton\Singleton.csproj", "{72966283-AC57-4B4A-88DE-83D9246B3CC7}"
EndProject
Project("{FAE04EC0-301F-11D3-BF4B-00C04F79EFBC}") = "References", "References\References.csproj", "{584BBDEF-D7D9-4EF5-A0FB-05DB49A8F29F}"
EndProject
Project("{FAE04EC0-301F-11D3-BF4B-00C04F79EFBC}") = "Expressions", "Expressions\Expressions.csproj", "{773EC6B2-8A0F-4FDA-9959-1EB578D9D581}"
EndProject
Global
	GlobalSection(SolutionConfigurationPlatforms) = preSolution
		Debug|Any CPU = Debug|Any CPU
		Release|Any CPU = Release|Any CPU
	EndGlobalSection
	GlobalSection(ProjectConfigurationPlatforms) = postSolution
		{771AB094-F6C5-446B-A1FC-580BB0F36BBC}.Debug|Any CPU.ActiveCfg = Debug|Any CPU
		{771AB094-F6C5-446B-A1FC-580BB0F36BBC}.Debug|Any CPU.Build.0 = Debug|Any CPU
		{771AB094-F6C5-446B-A1FC-580BB0F36BBC}.Release|Any CPU.ActiveCfg = Release|Any CPU
		{771AB094-F6C5-446B-A1FC-580BB0F36BBC}.Release|Any CPU.Build.0 = Release|Any CPU
		{CB489222-608A-49FF-8E71-7CEFD96841F2}.Debug|Any CPU.ActiveCfg = Debug|Any CPU
		{CB489222-608A-49FF-8E71-7CEFD96841F2}.Debug|Any CPU.Build.0 = Debug|Any CPU
		{CB489222-608A-49FF-8E71-7CEFD96841F2}.Release|Any CPU.ActiveCfg = Release|Any CPU
		{CB489222-608A-49FF-8E71-7CEFD96841F2}.Release|Any CPU.Build.0 = Release|Any CPU
		{72966283-AC57-4B4A-88DE-83D9246B3CC7}.Debug|Any CPU.ActiveCfg = Debug|Any CPU
		{72966283-AC57-4B4A-88DE-83D9246B3CC7}.Debug|Any CPU.Build.0 = Debug|Any CPU
		{72966283-AC57-4B4A-88DE-83D9246B3CC7}.Release|Any CPU.ActiveCfg = Release|Any CPU
		{72966283-AC57-4B4A-88DE-83D9246B3CC7}.Release|Any CPU.Build.0 = Release|Any CPU
		{584BBDEF-D7D9-4EF5-A0FB-05DB49A8F29F}.Debug|Any CPU.ActiveCfg = Debug|Any CPU
		{584BBDEF-D7D9-4EF5-A0FB-05DB49A8F29F}.Debug|Any CPU.Build.0 = Debug|Any CPU
		{584BBDEF-D7D9-4EF5-A0FB-05DB49A8F29F}.Release|Any CPU.ActiveCfg = Release|Any CPU
		{584BBDEF-D7D9-4EF5-A0FB-05DB49A8F29F}.Release|Any CPU.Build.0 = Release|Any CPU
		{773EC6B2-8A0F-4FDA-9959-1EB578D9D581}.Debug|Any CPU.ActiveCfg = Debug|Any CPU
		{773EC6B2-8A0F-4FDA-9959-1EB578D9D581}.Debug|Any CPU.Build.0 = Debug|Any CPU
		{773EC6B2-8A0F-4FDA-9959-1EB578D9D581}.Release|Any CPU.ActiveCfg = Release|Any CPU
		{773EC6B2-8A0F-4FDA-9959-1EB578D9D581}.Release|Any CPU.Build.0 = Release|Any CPU
	EndGlobalSection
	GlobalSection(SolutionProperties) = preSolution
		HideSolutionNode = FALSE
	EndGlobalSection
EndGlobal
